// !$*UTF8*$!
{
	archiveVersion = 1;
	classes = {
	};
	objectVersion = 50;
	objects = {

/* Begin PBXBuildFile section */
		8647051A268FC0C10056D139 /* ForecastAppApp.swift in Sources */ = {isa = PBXBuildFile; fileRef = 86470519268FC0C10056D139 /* ForecastAppApp.swift */; };
		8647051C268FC0C10056D139 /* ContentView.swift in Sources */ = {isa = PBXBuildFile; fileRef = 8647051B268FC0C10056D139 /* ContentView.swift */; };
		8647051E268FC0C20056D139 /* Assets.xcassets in Resources */ = {isa = PBXBuildFile; fileRef = 8647051D268FC0C20056D139 /* Assets.xcassets */; };
		86470521268FC0C20056D139 /* Preview Assets.xcassets in Resources */ = {isa = PBXBuildFile; fileRef = 86470520268FC0C20056D139 /* Preview Assets.xcassets */; };
		86470530268FC4040056D139 /* API.swift in Sources */ = {isa = PBXBuildFile; fileRef = 8647052F268FC4040056D139 /* API.swift */; };
		86470533268FC42C0056D139 /* API+Extensions.swift in Sources */ = {isa = PBXBuildFile; fileRef = 86470532268FC42C0056D139 /* API+Extensions.swift */; };
		86470536268FC6170056D139 /* NetworkManager.swift in Sources */ = {isa = PBXBuildFile; fileRef = 86470535268FC6170056D139 /* NetworkManager.swift */; };
		86470539268FCBB30056D139 /* WeatherResponse.swift in Sources */ = {isa = PBXBuildFile; fileRef = 86470538268FCBB30056D139 /* WeatherResponse.swift */; };
		8647053C268FCBFE0056D139 /* Weather.swift in Sources */ = {isa = PBXBuildFile; fileRef = 8647053B268FCBFE0056D139 /* Weather.swift */; };
		8647053F268FCC130056D139 /* WeatherDetail.swift in Sources */ = {isa = PBXBuildFile; fileRef = 8647053E268FCC130056D139 /* WeatherDetail.swift */; };
		86470542268FCC230056D139 /* DailyWeather.swift in Sources */ = {isa = PBXBuildFile; fileRef = 86470541268FCC230056D139 /* DailyWeather.swift */; };
		86470545268FCC2E0056D139 /* Temperature.swift in Sources */ = {isa = PBXBuildFile; fileRef = 86470544268FCC2E0056D139 /* Temperature.swift */; };
/* End PBXBuildFile section */

/* Begin PBXFileReference section */
		86470516268FC0C10056D139 /* ForecastApp.app */ = {isa = PBXFileReference; explicitFileType = wrapper.application; includeInIndex = 0; path = ForecastApp.app; sourceTree = BUILT_PRODUCTS_DIR; };
		86470519268FC0C10056D139 /* ForecastAppApp.swift */ = {isa = PBXFileReference; lastKnownFileType = sourcecode.swift; path = ForecastAppApp.swift; sourceTree = "<group>"; };
		8647051B268FC0C10056D139 /* ContentView.swift */ = {isa = PBXFileReference; lastKnownFileType = sourcecode.swift; path = ContentView.swift; sourceTree = "<group>"; };
		8647051D268FC0C20056D139 /* Assets.xcassets */ = {isa = PBXFileReference; lastKnownFileType = folder.assetcatalog; path = Assets.xcassets; sourceTree = "<group>"; };
		86470520268FC0C20056D139 /* Preview Assets.xcassets */ = {isa = PBXFileReference; lastKnownFileType = folder.assetcatalog; path = "Preview Assets.xcassets"; sourceTree = "<group>"; };
		86470522268FC0C20056D139 /* Info.plist */ = {isa = PBXFileReference; lastKnownFileType = text.plist.xml; path = Info.plist; sourceTree = "<group>"; };
		8647052F268FC4040056D139 /* API.swift */ = {isa = PBXFileReference; lastKnownFileType = sourcecode.swift; path = API.swift; sourceTree = "<group>"; };
		86470532268FC42C0056D139 /* API+Extensions.swift */ = {isa = PBXFileReference; lastKnownFileType = sourcecode.swift; path = "API+Extensions.swift"; sourceTree = "<group>"; };
		86470535268FC6170056D139 /* NetworkManager.swift */ = {isa = PBXFileReference; lastKnownFileType = sourcecode.swift; path = NetworkManager.swift; sourceTree = "<group>"; };
		86470538268FCBB30056D139 /* WeatherResponse.swift */ = {isa = PBXFileReference; lastKnownFileType = sourcecode.swift; path = WeatherResponse.swift; sourceTree = "<group>"; };
		8647053B268FCBFE0056D139 /* Weather.swift */ = {isa = PBXFileReference; lastKnownFileType = sourcecode.swift; path = Weather.swift; sourceTree = "<group>"; };
		8647053E268FCC130056D139 /* WeatherDetail.swift */ = {isa = PBXFileReference; lastKnownFileType = sourcecode.swift; path = WeatherDetail.swift; sourceTree = "<group>"; };
		86470541268FCC230056D139 /* DailyWeather.swift */ = {isa = PBXFileReference; lastKnownFileType = sourcecode.swift; path = DailyWeather.swift; sourceTree = "<group>"; };
		86470544268FCC2E0056D139 /* Temperature.swift */ = {isa = PBXFileReference; lastKnownFileType = sourcecode.swift; path = Temperature.swift; sourceTree = "<group>"; };
/* End PBXFileReference section */

/* Begin PBXFrameworksBuildPhase section */
		86470513268FC0C10056D139 /* Frameworks */ = {
			isa = PBXFrameworksBuildPhase;
			buildActionMask = 2147483647;
			files = (
			);
			runOnlyForDeploymentPostprocessing = 0;
		};
/* End PBXFrameworksBuildPhase section */

/* Begin PBXGroup section */
		8647050D268FC0C10056D139 = {
			isa = PBXGroup;
			children = (
				86470518268FC0C10056D139 /* ForecastApp */,
				86470517268FC0C10056D139 /* Products */,
			);
			sourceTree = "<group>";
		};
		86470517268FC0C10056D139 /* Products */ = {
			isa = PBXGroup;
			children = (
				86470516268FC0C10056D139 /* ForecastApp.app */,
			);
			name = Products;
			sourceTree = "<group>";
		};
		86470518268FC0C10056D139 /* ForecastApp */ = {
			isa = PBXGroup;
			children = (
				8647052E268FC3D30056D139 /* Resources */,
				8647052D268FC3C70056D139 /* ViewModel */,
				8647052C268FC3C20056D139 /* View */,
				8647052B268FC3BC0056D139 /* Model */,
				8647052A268FC3AE0056D139 /* Networking */,
				86470529268FC3970056D139 /* Util */,
				86470519268FC0C10056D139 /* ForecastAppApp.swift */,
				8647051B268FC0C10056D139 /* ContentView.swift */,
				8647051D268FC0C20056D139 /* Assets.xcassets */,
				86470522268FC0C20056D139 /* Info.plist */,
				8647051F268FC0C20056D139 /* Preview Content */,
			);
			path = ForecastApp;
			sourceTree = "<group>";
		};
		8647051F268FC0C20056D139 /* Preview Content */ = {
			isa = PBXGroup;
			children = (
				86470520268FC0C20056D139 /* Preview Assets.xcassets */,
			);
			path = "Preview Content";
			sourceTree = "<group>";
		};
		86470529268FC3970056D139 /* Util */ = {
			isa = PBXGroup;
			children = (
			);
			path = Util;
			sourceTree = "<group>";
		};
		8647052A268FC3AE0056D139 /* Networking */ = {
			isa = PBXGroup;
			children = (
				8647052F268FC4040056D139 /* API.swift */,
				86470532268FC42C0056D139 /* API+Extensions.swift */,
				86470535268FC6170056D139 /* NetworkManager.swift */,
			);
			path = Networking;
			sourceTree = "<group>";
		};
		8647052B268FC3BC0056D139 /* Model */ = {
			isa = PBXGroup;
			children = (
				86470538268FCBB30056D139 /* WeatherResponse.swift */,
				8647053B268FCBFE0056D139 /* Weather.swift */,
				8647053E268FCC130056D139 /* WeatherDetail.swift */,
				86470541268FCC230056D139 /* DailyWeather.swift */,
				86470544268FCC2E0056D139 /* Temperature.swift */,
			);
			path = Model;
			sourceTree = "<group>";
		};
		8647052C268FC3C20056D139 /* View */ = {
			isa = PBXGroup;
			children = (
			);
			path = View;
			sourceTree = "<group>";
		};
		8647052D268FC3C70056D139 /* ViewModel */ = {
			isa = PBXGroup;
			children = (
			);
			path = ViewModel;
			sourceTree = "<group>";
		};
		8647052E268FC3D30056D139 /* Resources */ = {
			isa = PBXGroup;
			children = (
			);
			path = Resources;
			sourceTree = "<group>";
		};
/* End PBXGroup section */

/* Begin PBXNativeTarget section */
		86470515268FC0C10056D139 /* ForecastApp */ = {
			isa = PBXNativeTarget;
			buildConfigurationList = 86470525268FC0C20056D139 /* Build configuration list for PBXNativeTarget "ForecastApp" */;
			buildPhases = (
				86470512268FC0C10056D139 /* Sources */,
				86470513268FC0C10056D139 /* Frameworks */,
				86470514268FC0C10056D139 /* Resources */,
			);
			buildRules = (
			);
			dependencies = (
			);
			name = ForecastApp;
			productName = ForecastApp;
			productReference = 86470516268FC0C10056D139 /* ForecastApp.app */;
			productType = "com.apple.product-type.application";
		};
/* End PBXNativeTarget section */

/* Begin PBXProject section */
		8647050E268FC0C10056D139 /* Project object */ = {
			isa = PBXProject;
			attributes = {
				LastSwiftUpdateCheck = 1220;
				LastUpgradeCheck = 1220;
				TargetAttributes = {
					86470515268FC0C10056D139 = {
						CreatedOnToolsVersion = 12.2;
					};
				};
			};
			buildConfigurationList = 86470511268FC0C10056D139 /* Build configuration list for PBXProject "ForecastApp" */;
			compatibilityVersion = "Xcode 9.3";
			developmentRegion = en;
			hasScannedForEncodings = 0;
			knownRegions = (
				en,
				Base,
			);
			mainGroup = 8647050D268FC0C10056D139;
			productRefGroup = 86470517268FC0C10056D139 /* Products */;
			projectDirPath = "";
			projectRoot = "";
			targets = (
				86470515268FC0C10056D139 /* ForecastApp */,
			);
		};
/* End PBXProject section */

/* Begin PBXResourcesBuildPhase section */
		86470514268FC0C10056D139 /* Resources */ = {
			isa = PBXResourcesBuildPhase;
			buildActionMask = 2147483647;
			files = (
				86470521268FC0C20056D139 /* Preview Assets.xcassets in Resources */,
				8647051E268FC0C20056D139 /* Assets.xcassets in Resources */,
			);
			runOnlyForDeploymentPostprocessing = 0;
		};
/* End PBXResourcesBuildPhase section */

/* Begin PBXSourcesBuildPhase section */
		86470512268FC0C10056D139 /* Sources */ = {
			isa = PBXSourcesBuildPhase;
			buildActionMask = 2147483647;
			files = (
				86470533268FC42C0056D139 /* API+Extensions.swift in Sources */,
				8647053F268FCC130056D139 /* WeatherDetail.swift in Sources */,
				86470539268FCBB30056D139 /* WeatherResponse.swift in Sources */,
				8647051C268FC0C10056D139 /* ContentView.swift in Sources */,
				86470536268FC6170056D139 /* NetworkManager.swift in Sources */,
				86470530268FC4040056D139 /* API.swift in Sources */,
				8647051A268FC0C10056D139 /* ForecastAppApp.swift in Sources */,
				8647053C268FCBFE0056D139 /* Weather.swift in Sources */,
				86470545268FCC2E0056D139 /* Temperature.swift in Sources */,
				86470542268FCC230056D139 /* DailyWeather.swift in Sources */,
			);
			runOnlyForDeploymentPostprocessing = 0;
		};
/* End PBXSourcesBuildPhase section */

/* Begin XCBuildConfiguration section */
		86470523268FC0C20056D139 /* Debug */ = {
			isa = XCBuildConfiguration;
			buildSettings = {
				ALWAYS_SEARCH_USER_PATHS = NO;
				CLANG_ANALYZER_NONNULL = YES;
				CLANG_ANALYZER_NUMBER_OBJECT_CONVERSION = YES_AGGRESSIVE;
				CLANG_CXX_LANGUAGE_STANDARD = "gnu++14";
				CLANG_CXX_LIBRARY = "libc++";
				CLANG_ENABLE_MODULES = YES;
				CLANG_ENABLE_OBJC_ARC = YES;
				CLANG_ENABLE_OBJC_WEAK = YES;
				CLANG_WARN_BLOCK_CAPTURE_AUTORELEASING = YES;
				CLANG_WARN_BOOL_CONVERSION = YES;
				CLANG_WARN_COMMA = YES;
				CLANG_WARN_CONSTANT_CONVERSION = YES;
				CLANG_WARN_DEPRECATED_OBJC_IMPLEMENTATIONS = YES;
				CLANG_WARN_DIRECT_OBJC_ISA_USAGE = YES_ERROR;
				CLANG_WARN_DOCUMENTATION_COMMENTS = YES;
				CLANG_WARN_EMPTY_BODY = YES;
				CLANG_WARN_ENUM_CONVERSION = YES;
				CLANG_WARN_INFINITE_RECURSION = YES;
				CLANG_WARN_INT_CONVERSION = YES;
				CLANG_WARN_NON_LITERAL_NULL_CONVERSION = YES;
				CLANG_WARN_OBJC_IMPLICIT_RETAIN_SELF = YES;
				CLANG_WARN_OBJC_LITERAL_CONVERSION = YES;
				CLANG_WARN_OBJC_ROOT_CLASS = YES_ERROR;
				CLANG_WARN_QUOTED_INCLUDE_IN_FRAMEWORK_HEADER = YES;
				CLANG_WARN_RANGE_LOOP_ANALYSIS = YES;
				CLANG_WARN_STRICT_PROTOTYPES = YES;
				CLANG_WARN_SUSPICIOUS_MOVE = YES;
				CLANG_WARN_UNGUARDED_AVAILABILITY = YES_AGGRESSIVE;
				CLANG_WARN_UNREACHABLE_CODE = YES;
				CLANG_WARN__DUPLICATE_METHOD_MATCH = YES;
				COPY_PHASE_STRIP = NO;
				DEBUG_INFORMATION_FORMAT = dwarf;
				ENABLE_STRICT_OBJC_MSGSEND = YES;
				ENABLE_TESTABILITY = YES;
				GCC_C_LANGUAGE_STANDARD = gnu11;
				GCC_DYNAMIC_NO_PIC = NO;
				GCC_NO_COMMON_BLOCKS = YES;
				GCC_OPTIMIZATION_LEVEL = 0;
				GCC_PREPROCESSOR_DEFINITIONS = (
					"DEBUG=1",
					"$(inherited)",
				);
				GCC_WARN_64_TO_32_BIT_CONVERSION = YES;
				GCC_WARN_ABOUT_RETURN_TYPE = YES_ERROR;
				GCC_WARN_UNDECLARED_SELECTOR = YES;
				GCC_WARN_UNINITIALIZED_AUTOS = YES_AGGRESSIVE;
				GCC_WARN_UNUSED_FUNCTION = YES;
				GCC_WARN_UNUSED_VARIABLE = YES;
				IPHONEOS_DEPLOYMENT_TARGET = 14.2;
				MTL_ENABLE_DEBUG_INFO = INCLUDE_SOURCE;
				MTL_FAST_MATH = YES;
				ONLY_ACTIVE_ARCH = YES;
				SDKROOT = iphoneos;
				SWIFT_ACTIVE_COMPILATION_CONDITIONS = DEBUG;
				SWIFT_OPTIMIZATION_LEVEL = "-Onone";
			};
			name = Debug;
		};
		86470524268FC0C20056D139 /* Release */ = {
			isa = XCBuildConfiguration;
			buildSettings = {
				ALWAYS_SEARCH_USER_PATHS = NO;
				CLANG_ANALYZER_NONNULL = YES;
				CLANG_ANALYZER_NUMBER_OBJECT_CONVERSION = YES_AGGRESSIVE;
				CLANG_CXX_LANGUAGE_STANDARD = "gnu++14";
				CLANG_CXX_LIBRARY = "libc++";
				CLANG_ENABLE_MODULES = YES;
				CLANG_ENABLE_OBJC_ARC = YES;
				CLANG_ENABLE_OBJC_WEAK = YES;
				CLANG_WARN_BLOCK_CAPTURE_AUTORELEASING = YES;
				CLANG_WARN_BOOL_CONVERSION = YES;
				CLANG_WARN_COMMA = YES;
				CLANG_WARN_CONSTANT_CONVERSION = YES;
				CLANG_WARN_DEPRECATED_OBJC_IMPLEMENTATIONS = YES;
				CLANG_WARN_DIRECT_OBJC_ISA_USAGE = YES_ERROR;
				CLANG_WARN_DOCUMENTATION_COMMENTS = YES;
				CLANG_WARN_EMPTY_BODY = YES;
				CLANG_WARN_ENUM_CONVERSION = YES;
				CLANG_WARN_INFINITE_RECURSION = YES;
				CLANG_WARN_INT_CONVERSION = YES;
				CLANG_WARN_NON_LITERAL_NULL_CONVERSION = YES;
				CLANG_WARN_OBJC_IMPLICIT_RETAIN_SELF = YES;
				CLANG_WARN_OBJC_LITERAL_CONVERSION = YES;
				CLANG_WARN_OBJC_ROOT_CLASS = YES_ERROR;
				CLANG_WARN_QUOTED_INCLUDE_IN_FRAMEWORK_HEADER = YES;
				CLANG_WARN_RANGE_LOOP_ANALYSIS = YES;
				CLANG_WARN_STRICT_PROTOTYPES = YES;
				CLANG_WARN_SUSPICIOUS_MOVE = YES;
				CLANG_WARN_UNGUARDED_AVAILABILITY = YES_AGGRESSIVE;
				CLANG_WARN_UNREACHABLE_CODE = YES;
				CLANG_WARN__DUPLICATE_METHOD_MATCH = YES;
				COPY_PHASE_STRIP = NO;
				DEBUG_INFORMATION_FORMAT = "dwarf-with-dsym";
				ENABLE_NS_ASSERTIONS = NO;
				ENABLE_STRICT_OBJC_MSGSEND = YES;
				GCC_C_LANGUAGE_STANDARD = gnu11;
				GCC_NO_COMMON_BLOCKS = YES;
				GCC_WARN_64_TO_32_BIT_CONVERSION = YES;
				GCC_WARN_ABOUT_RETURN_TYPE = YES_ERROR;
				GCC_WARN_UNDECLARED_SELECTOR = YES;
				GCC_WARN_UNINITIALIZED_AUTOS = YES_AGGRESSIVE;
				GCC_WARN_UNUSED_FUNCTION = YES;
				GCC_WARN_UNUSED_VARIABLE = YES;
				IPHONEOS_DEPLOYMENT_TARGET = 14.2;
				MTL_ENABLE_DEBUG_INFO = NO;
				MTL_FAST_MATH = YES;
				SDKROOT = iphoneos;
				SWIFT_COMPILATION_MODE = wholemodule;
				SWIFT_OPTIMIZATION_LEVEL = "-O";
				VALIDATE_PRODUCT = YES;
			};
			name = Release;
		};
		86470526268FC0C20056D139 /* Debug */ = {
			isa = XCBuildConfiguration;
			buildSettings = {
				ASSETCATALOG_COMPILER_APPICON_NAME = AppIcon;
				ASSETCATALOG_COMPILER_GLOBAL_ACCENT_COLOR_NAME = AccentColor;
				CODE_SIGN_STYLE = Automatic;
				DEVELOPMENT_ASSET_PATHS = "\"ForecastApp/Preview Content\"";
				DEVELOPMENT_TEAM = 4DLG5U7G57;
				ENABLE_PREVIEWS = YES;
				INFOPLIST_FILE = ForecastApp/Info.plist;
				IPHONEOS_DEPLOYMENT_TARGET = 14.0;
				LD_RUNPATH_SEARCH_PATHS = (
					"$(inherited)",
					"@executable_path/Frameworks",
				);
				PRODUCT_BUNDLE_IDENTIFIER = www.home.ForecastApp;
				PRODUCT_NAME = "$(TARGET_NAME)";
				SWIFT_VERSION = 5.0;
				TARGETED_DEVICE_FAMILY = "1,2";
			};
			name = Debug;
		};
		86470527268FC0C20056D139 /* Release */ = {
			isa = XCBuildConfiguration;
			buildSettings = {
				ASSETCATALOG_COMPILER_APPICON_NAME = AppIcon;
				ASSETCATALOG_COMPILER_GLOBAL_ACCENT_COLOR_NAME = AccentColor;
				CODE_SIGN_STYLE = Automatic;
				DEVELOPMENT_ASSET_PATHS = "\"ForecastApp/Preview Content\"";
				DEVELOPMENT_TEAM = 4DLG5U7G57;
				ENABLE_PREVIEWS = YES;
				INFOPLIST_FILE = ForecastApp/Info.plist;
				IPHONEOS_DEPLOYMENT_TARGET = 14.0;
				LD_RUNPATH_SEARCH_PATHS = (
					"$(inherited)",
					"@executable_path/Frameworks",
				);
				PRODUCT_BUNDLE_IDENTIFIER = www.home.ForecastApp;
				PRODUCT_NAME = "$(TARGET_NAME)";
				SWIFT_VERSION = 5.0;
				TARGETED_DEVICE_FAMILY = "1,2";
			};
			name = Release;
		};
/* End XCBuildConfiguration section */

/* Begin XCConfigurationList section */
		86470511268FC0C10056D139 /* Build configuration list for PBXProject "ForecastApp" */ = {
			isa = XCConfigurationList;
			buildConfigurations = (
				86470523268FC0C20056D139 /* Debug */,
				86470524268FC0C20056D139 /* Release */,
			);
			defaultConfigurationIsVisible = 0;
			defaultConfigurationName = Release;
		};
		86470525268FC0C20056D139 /* Build configuration list for PBXNativeTarget "ForecastApp" */ = {
			isa = XCConfigurationList;
			buildConfigurations = (
				86470526268FC0C20056D139 /* Debug */,
				86470527268FC0C20056D139 /* Release */,
			);
			defaultConfigurationIsVisible = 0;
			defaultConfigurationName = Release;
		};
/* End XCConfigurationList section */
	};
	rootObject = 8647050E268FC0C10056D139 /* Project object */;
}
